// !$*UTF8*$!
{
	archiveVersion = 1;
	classes = {
	};
	objectVersion = 60;
	objects = {

/* Begin PBXBuildFile section */
		47119A132B35C7C900B94F58 /* ExpenseTrackerApp.swift in Sources */ = {isa = PBXBuildFile; fileRef = 47119A122B35C7C900B94F58 /* ExpenseTrackerApp.swift */; };
		47119A152B35C7C900B94F58 /* ContentView.swift in Sources */ = {isa = PBXBuildFile; fileRef = 47119A142B35C7C900B94F58 /* ContentView.swift */; };
		47119A172B35C7CA00B94F58 /* Assets.xcassets in Resources */ = {isa = PBXBuildFile; fileRef = 47119A162B35C7CA00B94F58 /* Assets.xcassets */; };
		47119A1A2B35C7CA00B94F58 /* Preview Assets.xcassets in Resources */ = {isa = PBXBuildFile; fileRef = 47119A192B35C7CA00B94F58 /* Preview Assets.xcassets */; };
		47119A232B35C82C00B94F58 /* IntroScreen.swift in Sources */ = {isa = PBXBuildFile; fileRef = 47119A222B35C82C00B94F58 /* IntroScreen.swift */; };
		47119A262B35C8DD00B94F58 /* Constants.swift in Sources */ = {isa = PBXBuildFile; fileRef = 47119A252B35C8DD00B94F58 /* Constants.swift */; };
		47119A282B35CBC900B94F58 /* Tab.swift in Sources */ = {isa = PBXBuildFile; fileRef = 47119A272B35CBC900B94F58 /* Tab.swift */; };
		47119A2A2B35CE4A00B94F58 /* Category.swift in Sources */ = {isa = PBXBuildFile; fileRef = 47119A292B35CE4A00B94F58 /* Category.swift */; };
		47119A2C2B35CE7F00B94F58 /* Transaction.swift in Sources */ = {isa = PBXBuildFile; fileRef = 47119A2B2B35CE7F00B94F58 /* Transaction.swift */; };
		47119A2E2B35CED800B94F58 /* TintColor.swift in Sources */ = {isa = PBXBuildFile; fileRef = 47119A2D2B35CED800B94F58 /* TintColor.swift */; };
		47119A312B35D05600B94F58 /* Recents.swift in Sources */ = {isa = PBXBuildFile; fileRef = 47119A302B35D05600B94F58 /* Recents.swift */; };
		47119A332B35D05C00B94F58 /* Search.swift in Sources */ = {isa = PBXBuildFile; fileRef = 47119A322B35D05C00B94F58 /* Search.swift */; };
		47119A352B35D06200B94F58 /* Graphs.swift in Sources */ = {isa = PBXBuildFile; fileRef = 47119A342B35D06200B94F58 /* Graphs.swift */; };
		47119A372B35D06900B94F58 /* Settings.swift in Sources */ = {isa = PBXBuildFile; fileRef = 47119A362B35D06900B94F58 /* Settings.swift */; };
		47119A392B35D17C00B94F58 /* View+Extensions.swift in Sources */ = {isa = PBXBuildFile; fileRef = 47119A382B35D17C00B94F58 /* View+Extensions.swift */; };
		47119A3B2B35F7AF00B94F58 /* Date+Extensions.swift in Sources */ = {isa = PBXBuildFile; fileRef = 47119A3A2B35F7AF00B94F58 /* Date+Extensions.swift */; };
		47119A3E2B35F94600B94F58 /* CardView.swift in Sources */ = {isa = PBXBuildFile; fileRef = 47119A3D2B35F94600B94F58 /* CardView.swift */; };
		47119A402B35FF6000B94F58 /* TransactionCardView.swift in Sources */ = {isa = PBXBuildFile; fileRef = 47119A3F2B35FF6000B94F58 /* TransactionCardView.swift */; };
		47AEE9A22B3B7150003428E4 /* LockView.swift in Sources */ = {isa = PBXBuildFile; fileRef = 47AEE9A12B3B7150003428E4 /* LockView.swift */; };
		47FCF0922B36296300B7BCDB /* SwipeAction.swift in Sources */ = {isa = PBXBuildFile; fileRef = 47FCF0912B36296300B7BCDB /* SwipeAction.swift */; };
		47FCF0942B362AE600B7BCDB /* DateFilterView.swift in Sources */ = {isa = PBXBuildFile; fileRef = 47FCF0932B362AE600B7BCDB /* DateFilterView.swift */; };
		47FCF0B72B39E17300B7BCDB /* TransactionView.swift in Sources */ = {isa = PBXBuildFile; fileRef = 47FCF0B62B39E17300B7BCDB /* TransactionView.swift */; };
		47FCF0B92B39F2AC00B7BCDB /* FilterTransactionView.swift in Sources */ = {isa = PBXBuildFile; fileRef = 47FCF0B82B39F2AC00B7BCDB /* FilterTransactionView.swift */; };
		47FCF0BB2B3A187600B7BCDB /* ChartModel.swift in Sources */ = {isa = PBXBuildFile; fileRef = 47FCF0BA2B3A187600B7BCDB /* ChartModel.swift */; };
		47FCF0E02B3A25D700B7BCDB /* WidgetKit.framework in Frameworks */ = {isa = PBXBuildFile; fileRef = 47FCF0DF2B3A25D700B7BCDB /* WidgetKit.framework */; };
		47FCF0E22B3A25D700B7BCDB /* SwiftUI.framework in Frameworks */ = {isa = PBXBuildFile; fileRef = 47FCF0E12B3A25D700B7BCDB /* SwiftUI.framework */; };
		47FCF0E52B3A25D700B7BCDB /* StatsCardViewBundle.swift in Sources */ = {isa = PBXBuildFile; fileRef = 47FCF0E42B3A25D700B7BCDB /* StatsCardViewBundle.swift */; };
		47FCF0E72B3A25D700B7BCDB /* StatsCardView.swift in Sources */ = {isa = PBXBuildFile; fileRef = 47FCF0E62B3A25D700B7BCDB /* StatsCardView.swift */; };
		47FCF0E92B3A25D800B7BCDB /* Assets.xcassets in Resources */ = {isa = PBXBuildFile; fileRef = 47FCF0E82B3A25D800B7BCDB /* Assets.xcassets */; };
		47FCF0ED2B3A25D800B7BCDB /* StatsCardViewExtension.appex in Embed Foundation Extensions */ = {isa = PBXBuildFile; fileRef = 47FCF0DD2B3A25D700B7BCDB /* StatsCardViewExtension.appex */; settings = {ATTRIBUTES = (RemoveHeadersOnCopy, ); }; };
		47FCF0F22B3A26AD00B7BCDB /* FilterTransactionView.swift in Sources */ = {isa = PBXBuildFile; fileRef = 47FCF0B82B39F2AC00B7BCDB /* FilterTransactionView.swift */; };
		47FCF0F32B3A26B900B7BCDB /* View+Extensions.swift in Sources */ = {isa = PBXBuildFile; fileRef = 47119A382B35D17C00B94F58 /* View+Extensions.swift */; };
		47FCF0F42B3A26D600B7BCDB /* Date+Extensions.swift in Sources */ = {isa = PBXBuildFile; fileRef = 47119A3A2B35F7AF00B94F58 /* Date+Extensions.swift */; };
		47FCF0F52B3A26D900B7BCDB /* Constants.swift in Sources */ = {isa = PBXBuildFile; fileRef = 47119A252B35C8DD00B94F58 /* Constants.swift */; };
		47FCF0F62B3A26FF00B7BCDB /* CardView.swift in Sources */ = {isa = PBXBuildFile; fileRef = 47119A3D2B35F94600B94F58 /* CardView.swift */; };
		47FCF0F72B3A271600B7BCDB /* Category.swift in Sources */ = {isa = PBXBuildFile; fileRef = 47119A292B35CE4A00B94F58 /* Category.swift */; };
		47FCF0F82B3A274F00B7BCDB /* Transaction.swift in Sources */ = {isa = PBXBuildFile; fileRef = 47119A2B2B35CE7F00B94F58 /* Transaction.swift */; };
		47FCF0F92B3A277B00B7BCDB /* TintColor.swift in Sources */ = {isa = PBXBuildFile; fileRef = 47119A2D2B35CED800B94F58 /* TintColor.swift */; };
/* End PBXBuildFile section */

/* Begin PBXContainerItemProxy section */
		47FCF0EB2B3A25D800B7BCDB /* PBXContainerItemProxy */ = {
			isa = PBXContainerItemProxy;
			containerPortal = 47119A072B35C7C900B94F58 /* Project object */;
			proxyType = 1;
			remoteGlobalIDString = 47FCF0DC2B3A25D700B7BCDB;
			remoteInfo = StatsCardViewExtension;
		};
/* End PBXContainerItemProxy section */

/* Begin PBXCopyFilesBuildPhase section */
		47FCF0EE2B3A25D800B7BCDB /* Embed Foundation Extensions */ = {
			isa = PBXCopyFilesBuildPhase;
			buildActionMask = 2147483647;
			dstPath = "";
			dstSubfolderSpec = 13;
			files = (
				47FCF0ED2B3A25D800B7BCDB /* StatsCardViewExtension.appex in Embed Foundation Extensions */,
			);
			name = "Embed Foundation Extensions";
			runOnlyForDeploymentPostprocessing = 0;
		};
/* End PBXCopyFilesBuildPhase section */

/* Begin PBXFileReference section */
		47119A0F2B35C7C900B94F58 /* ExpenseTracker.app */ = {isa = PBXFileReference; explicitFileType = wrapper.application; includeInIndex = 0; path = ExpenseTracker.app; sourceTree = BUILT_PRODUCTS_DIR; };
		47119A122B35C7C900B94F58 /* ExpenseTrackerApp.swift */ = {isa = PBXFileReference; lastKnownFileType = sourcecode.swift; path = ExpenseTrackerApp.swift; sourceTree = "<group>"; };
		47119A142B35C7C900B94F58 /* ContentView.swift */ = {isa = PBXFileReference; lastKnownFileType = sourcecode.swift; path = ContentView.swift; sourceTree = "<group>"; };
		47119A162B35C7CA00B94F58 /* Assets.xcassets */ = {isa = PBXFileReference; lastKnownFileType = folder.assetcatalog; path = Assets.xcassets; sourceTree = "<group>"; };
		47119A192B35C7CA00B94F58 /* Preview Assets.xcassets */ = {isa = PBXFileReference; lastKnownFileType = folder.assetcatalog; path = "Preview Assets.xcassets"; sourceTree = "<group>"; };
		47119A222B35C82C00B94F58 /* IntroScreen.swift */ = {isa = PBXFileReference; lastKnownFileType = sourcecode.swift; path = IntroScreen.swift; sourceTree = "<group>"; };
		47119A252B35C8DD00B94F58 /* Constants.swift */ = {isa = PBXFileReference; lastKnownFileType = sourcecode.swift; path = Constants.swift; sourceTree = "<group>"; };
		47119A272B35CBC900B94F58 /* Tab.swift */ = {isa = PBXFileReference; lastKnownFileType = sourcecode.swift; path = Tab.swift; sourceTree = "<group>"; };
		47119A292B35CE4A00B94F58 /* Category.swift */ = {isa = PBXFileReference; lastKnownFileType = sourcecode.swift; path = Category.swift; sourceTree = "<group>"; };
		47119A2B2B35CE7F00B94F58 /* Transaction.swift */ = {isa = PBXFileReference; lastKnownFileType = sourcecode.swift; path = Transaction.swift; sourceTree = "<group>"; };
		47119A2D2B35CED800B94F58 /* TintColor.swift */ = {isa = PBXFileReference; lastKnownFileType = sourcecode.swift; path = TintColor.swift; sourceTree = "<group>"; };
		47119A302B35D05600B94F58 /* Recents.swift */ = {isa = PBXFileReference; lastKnownFileType = sourcecode.swift; path = Recents.swift; sourceTree = "<group>"; };
		47119A322B35D05C00B94F58 /* Search.swift */ = {isa = PBXFileReference; lastKnownFileType = sourcecode.swift; path = Search.swift; sourceTree = "<group>"; };
		47119A342B35D06200B94F58 /* Graphs.swift */ = {isa = PBXFileReference; lastKnownFileType = sourcecode.swift; path = Graphs.swift; sourceTree = "<group>"; };
		47119A362B35D06900B94F58 /* Settings.swift */ = {isa = PBXFileReference; lastKnownFileType = sourcecode.swift; path = Settings.swift; sourceTree = "<group>"; };
		47119A382B35D17C00B94F58 /* View+Extensions.swift */ = {isa = PBXFileReference; lastKnownFileType = sourcecode.swift; path = "View+Extensions.swift"; sourceTree = "<group>"; };
		47119A3A2B35F7AF00B94F58 /* Date+Extensions.swift */ = {isa = PBXFileReference; lastKnownFileType = sourcecode.swift; path = "Date+Extensions.swift"; sourceTree = "<group>"; };
		47119A3D2B35F94600B94F58 /* CardView.swift */ = {isa = PBXFileReference; lastKnownFileType = sourcecode.swift; path = CardView.swift; sourceTree = "<group>"; };
		47119A3F2B35FF6000B94F58 /* TransactionCardView.swift */ = {isa = PBXFileReference; lastKnownFileType = sourcecode.swift; path = TransactionCardView.swift; sourceTree = "<group>"; };
		47AEE9A12B3B7150003428E4 /* LockView.swift */ = {isa = PBXFileReference; fileEncoding = 4; lastKnownFileType = sourcecode.swift; path = LockView.swift; sourceTree = "<group>"; };
		47FCF0912B36296300B7BCDB /* SwipeAction.swift */ = {isa = PBXFileReference; lastKnownFileType = sourcecode.swift; path = SwipeAction.swift; sourceTree = "<group>"; };
		47FCF0932B362AE600B7BCDB /* DateFilterView.swift */ = {isa = PBXFileReference; lastKnownFileType = sourcecode.swift; path = DateFilterView.swift; sourceTree = "<group>"; };
		47FCF0B52B37C56900B7BCDB /* Info.plist */ = {isa = PBXFileReference; lastKnownFileType = text.plist; path = Info.plist; sourceTree = "<group>"; };
		47FCF0B62B39E17300B7BCDB /* TransactionView.swift */ = {isa = PBXFileReference; lastKnownFileType = sourcecode.swift; path = TransactionView.swift; sourceTree = "<group>"; };
		47FCF0B82B39F2AC00B7BCDB /* FilterTransactionView.swift */ = {isa = PBXFileReference; lastKnownFileType = sourcecode.swift; path = FilterTransactionView.swift; sourceTree = "<group>"; };
		47FCF0BA2B3A187600B7BCDB /* ChartModel.swift */ = {isa = PBXFileReference; lastKnownFileType = sourcecode.swift; path = ChartModel.swift; sourceTree = "<group>"; };
		47FCF0DD2B3A25D700B7BCDB /* StatsCardViewExtension.appex */ = {isa = PBXFileReference; explicitFileType = "wrapper.app-extension"; includeInIndex = 0; path = StatsCardViewExtension.appex; sourceTree = BUILT_PRODUCTS_DIR; };
		47FCF0DF2B3A25D700B7BCDB /* WidgetKit.framework */ = {isa = PBXFileReference; lastKnownFileType = wrapper.framework; name = WidgetKit.framework; path = System/Library/Frameworks/WidgetKit.framework; sourceTree = SDKROOT; };
		47FCF0E12B3A25D700B7BCDB /* SwiftUI.framework */ = {isa = PBXFileReference; lastKnownFileType = wrapper.framework; name = SwiftUI.framework; path = System/Library/Frameworks/SwiftUI.framework; sourceTree = SDKROOT; };
		47FCF0E42B3A25D700B7BCDB /* StatsCardViewBundle.swift */ = {isa = PBXFileReference; lastKnownFileType = sourcecode.swift; path = StatsCardViewBundle.swift; sourceTree = "<group>"; };
		47FCF0E62B3A25D700B7BCDB /* StatsCardView.swift */ = {isa = PBXFileReference; lastKnownFileType = sourcecode.swift; path = StatsCardView.swift; sourceTree = "<group>"; };
		47FCF0E82B3A25D800B7BCDB /* Assets.xcassets */ = {isa = PBXFileReference; lastKnownFileType = folder.assetcatalog; path = Assets.xcassets; sourceTree = "<group>"; };
		47FCF0EA2B3A25D800B7BCDB /* Info.plist */ = {isa = PBXFileReference; lastKnownFileType = text.plist.xml; path = Info.plist; sourceTree = "<group>"; };
		47FCF0FA2B3A27E800B7BCDB /* ExpenseTracker.entitlements */ = {isa = PBXFileReference; lastKnownFileType = text.plist.entitlements; path = ExpenseTracker.entitlements; sourceTree = "<group>"; };
		47FCF0FB2B3A301700B7BCDB /* StatsCardViewExtension.entitlements */ = {isa = PBXFileReference; lastKnownFileType = text.plist.entitlements; path = StatsCardViewExtension.entitlements; sourceTree = "<group>"; };
/* End PBXFileReference section */

/* Begin PBXFrameworksBuildPhase section */
		47119A0C2B35C7C900B94F58 /* Frameworks */ = {
			isa = PBXFrameworksBuildPhase;
			buildActionMask = 2147483647;
			files = (
			);
			runOnlyForDeploymentPostprocessing = 0;
		};
		47FCF0DA2B3A25D700B7BCDB /* Frameworks */ = {
			isa = PBXFrameworksBuildPhase;
			buildActionMask = 2147483647;
			files = (
				47FCF0E22B3A25D700B7BCDB /* SwiftUI.framework in Frameworks */,
				47FCF0E02B3A25D700B7BCDB /* WidgetKit.framework in Frameworks */,
			);
			runOnlyForDeploymentPostprocessing = 0;
		};
/* End PBXFrameworksBuildPhase section */

/* Begin PBXGroup section */
		47119A062B35C7C900B94F58 = {
			isa = PBXGroup;
			children = (
				47FCF0FB2B3A301700B7BCDB /* StatsCardViewExtension.entitlements */,
				47119A112B35C7C900B94F58 /* ExpenseTracker */,
				47FCF0E32B3A25D700B7BCDB /* StatsCardView */,
				47FCF0DE2B3A25D700B7BCDB /* Frameworks */,
				47119A102B35C7C900B94F58 /* Products */,
			);
			sourceTree = "<group>";
		};
		47119A102B35C7C900B94F58 /* Products */ = {
			isa = PBXGroup;
			children = (
				47119A0F2B35C7C900B94F58 /* ExpenseTracker.app */,
				47FCF0DD2B3A25D700B7BCDB /* StatsCardViewExtension.appex */,
			);
			name = Products;
			sourceTree = "<group>";
		};
		47119A112B35C7C900B94F58 /* ExpenseTracker */ = {
			isa = PBXGroup;
			children = (
				47FCF0FA2B3A27E800B7BCDB /* ExpenseTracker.entitlements */,
				47FCF0B52B37C56900B7BCDB /* Info.plist */,
				47119A242B35C8D400B94F58 /* Helpers */,
				47119A202B35C81D00B94F58 /* Model */,
				47119A212B35C82200B94F58 /* View */,
				47119A122B35C7C900B94F58 /* ExpenseTrackerApp.swift */,
				47119A142B35C7C900B94F58 /* ContentView.swift */,
				47119A162B35C7CA00B94F58 /* Assets.xcassets */,
				47119A182B35C7CA00B94F58 /* Preview Content */,
			);
			path = ExpenseTracker;
			sourceTree = "<group>";
		};
		47119A182B35C7CA00B94F58 /* Preview Content */ = {
			isa = PBXGroup;
			children = (
				47119A192B35C7CA00B94F58 /* Preview Assets.xcassets */,
			);
			path = "Preview Content";
			sourceTree = "<group>";
		};
		47119A202B35C81D00B94F58 /* Model */ = {
			isa = PBXGroup;
			children = (
				47119A272B35CBC900B94F58 /* Tab.swift */,
				47119A292B35CE4A00B94F58 /* Category.swift */,
				47119A2B2B35CE7F00B94F58 /* Transaction.swift */,
				47119A2D2B35CED800B94F58 /* TintColor.swift */,
				47FCF0BA2B3A187600B7BCDB /* ChartModel.swift */,
			);
			path = Model;
			sourceTree = "<group>";
		};
		47119A212B35C82200B94F58 /* View */ = {
			isa = PBXGroup;
			children = (
				47119A3C2B35F93E00B94F58 /* Helpers */,
				47119A2F2B35D04A00B94F58 /* TabViews */,
				47119A222B35C82C00B94F58 /* IntroScreen.swift */,
				47FCF0B62B39E17300B7BCDB /* TransactionView.swift */,
				47FCF0B82B39F2AC00B7BCDB /* FilterTransactionView.swift */,
			);
			path = View;
			sourceTree = "<group>";
		};
		47119A242B35C8D400B94F58 /* Helpers */ = {
			isa = PBXGroup;
			children = (
				47119A252B35C8DD00B94F58 /* Constants.swift */,
				47119A382B35D17C00B94F58 /* View+Extensions.swift */,
				47119A3A2B35F7AF00B94F58 /* Date+Extensions.swift */,
			);
			path = Helpers;
			sourceTree = "<group>";
		};
		47119A2F2B35D04A00B94F58 /* TabViews */ = {
			isa = PBXGroup;
			children = (
				47119A302B35D05600B94F58 /* Recents.swift */,
				47119A322B35D05C00B94F58 /* Search.swift */,
				47119A342B35D06200B94F58 /* Graphs.swift */,
				47119A362B35D06900B94F58 /* Settings.swift */,
			);
			path = TabViews;
			sourceTree = "<group>";
		};
		47119A3C2B35F93E00B94F58 /* Helpers */ = {
			isa = PBXGroup;
			children = (
				47AEE9A12B3B7150003428E4 /* LockView.swift */,
				47119A3D2B35F94600B94F58 /* CardView.swift */,
				47119A3F2B35FF6000B94F58 /* TransactionCardView.swift */,
				47FCF0912B36296300B7BCDB /* SwipeAction.swift */,
				47FCF0932B362AE600B7BCDB /* DateFilterView.swift */,
			);
			path = Helpers;
			sourceTree = "<group>";
		};
		47FCF0DE2B3A25D700B7BCDB /* Frameworks */ = {
			isa = PBXGroup;
			children = (
				47FCF0DF2B3A25D700B7BCDB /* WidgetKit.framework */,
				47FCF0E12B3A25D700B7BCDB /* SwiftUI.framework */,
			);
			name = Frameworks;
			sourceTree = "<group>";
		};
		47FCF0E32B3A25D700B7BCDB /* StatsCardView */ = {
			isa = PBXGroup;
			children = (
				47FCF0E42B3A25D700B7BCDB /* StatsCardViewBundle.swift */,
				47FCF0E62B3A25D700B7BCDB /* StatsCardView.swift */,
				47FCF0E82B3A25D800B7BCDB /* Assets.xcassets */,
				47FCF0EA2B3A25D800B7BCDB /* Info.plist */,
			);
			path = StatsCardView;
			sourceTree = "<group>";
		};
/* End PBXGroup section */

/* Begin PBXNativeTarget section */
		47119A0E2B35C7C900B94F58 /* ExpenseTracker */ = {
			isa = PBXNativeTarget;
			buildConfigurationList = 47119A1D2B35C7CA00B94F58 /* Build configuration list for PBXNativeTarget "ExpenseTracker" */;
			buildPhases = (
				47119A0B2B35C7C900B94F58 /* Sources */,
				47119A0C2B35C7C900B94F58 /* Frameworks */,
				47119A0D2B35C7C900B94F58 /* Resources */,
				47FCF0EE2B3A25D800B7BCDB /* Embed Foundation Extensions */,
			);
			buildRules = (
			);
			dependencies = (
				47FCF0EC2B3A25D800B7BCDB /* PBXTargetDependency */,
			);
			name = ExpenseTracker;
			productName = ExpenseTracker;
			productReference = 47119A0F2B35C7C900B94F58 /* ExpenseTracker.app */;
			productType = "com.apple.product-type.application";
		};
		47FCF0DC2B3A25D700B7BCDB /* StatsCardViewExtension */ = {
			isa = PBXNativeTarget;
			buildConfigurationList = 47FCF0F12B3A25D800B7BCDB /* Build configuration list for PBXNativeTarget "StatsCardViewExtension" */;
			buildPhases = (
				47FCF0D92B3A25D700B7BCDB /* Sources */,
				47FCF0DA2B3A25D700B7BCDB /* Frameworks */,
				47FCF0DB2B3A25D700B7BCDB /* Resources */,
			);
			buildRules = (
			);
			dependencies = (
			);
			name = StatsCardViewExtension;
			productName = StatsCardViewExtension;
			productReference = 47FCF0DD2B3A25D700B7BCDB /* StatsCardViewExtension.appex */;
			productType = "com.apple.product-type.app-extension";
		};
/* End PBXNativeTarget section */

/* Begin PBXProject section */
		47119A072B35C7C900B94F58 /* Project object */ = {
			isa = PBXProject;
			attributes = {
				BuildIndependentTargetsInParallel = 1;
				LastSwiftUpdateCheck = 1510;
				LastUpgradeCheck = 1510;
				TargetAttributes = {
					47119A0E2B35C7C900B94F58 = {
						CreatedOnToolsVersion = 15.1;
					};
					47FCF0DC2B3A25D700B7BCDB = {
						CreatedOnToolsVersion = 15.1;
					};
				};
			};
			buildConfigurationList = 47119A0A2B35C7C900B94F58 /* Build configuration list for PBXProject "ExpenseTracker" */;
			compatibilityVersion = "Xcode 15.0";
			developmentRegion = en;
			hasScannedForEncodings = 0;
			knownRegions = (
				en,
				Base,
			);
			mainGroup = 47119A062B35C7C900B94F58;
			productRefGroup = 47119A102B35C7C900B94F58 /* Products */;
			projectDirPath = "";
			projectRoot = "";
			targets = (
				47119A0E2B35C7C900B94F58 /* ExpenseTracker */,
				47FCF0DC2B3A25D700B7BCDB /* StatsCardViewExtension */,
			);
		};
/* End PBXProject section */

/* Begin PBXResourcesBuildPhase section */
		47119A0D2B35C7C900B94F58 /* Resources */ = {
			isa = PBXResourcesBuildPhase;
			buildActionMask = 2147483647;
			files = (
				47119A1A2B35C7CA00B94F58 /* Preview Assets.xcassets in Resources */,
				47119A172B35C7CA00B94F58 /* Assets.xcassets in Resources */,
			);
			runOnlyForDeploymentPostprocessing = 0;
		};
		47FCF0DB2B3A25D700B7BCDB /* Resources */ = {
			isa = PBXResourcesBuildPhase;
			buildActionMask = 2147483647;
			files = (
				47FCF0E92B3A25D800B7BCDB /* Assets.xcassets in Resources */,
			);
			runOnlyForDeploymentPostprocessing = 0;
		};
/* End PBXResourcesBuildPhase section */

/* Begin PBXSourcesBuildPhase section */
		47119A0B2B35C7C900B94F58 /* Sources */ = {
			isa = PBXSourcesBuildPhase;
			buildActionMask = 2147483647;
			files = (
				47119A2E2B35CED800B94F58 /* TintColor.swift in Sources */,
				47AEE9A22B3B7150003428E4 /* LockView.swift in Sources */,
				47119A312B35D05600B94F58 /* Recents.swift in Sources */,
				47FCF0B92B39F2AC00B7BCDB /* FilterTransactionView.swift in Sources */,
				47FCF0942B362AE600B7BCDB /* DateFilterView.swift in Sources */,
				47119A2C2B35CE7F00B94F58 /* Transaction.swift in Sources */,
				47119A152B35C7C900B94F58 /* ContentView.swift in Sources */,
				47119A3E2B35F94600B94F58 /* CardView.swift in Sources */,
				47FCF0922B36296300B7BCDB /* SwipeAction.swift in Sources */,
				47FCF0BB2B3A187600B7BCDB /* ChartModel.swift in Sources */,
				47119A232B35C82C00B94F58 /* IntroScreen.swift in Sources */,
				47FCF0B72B39E17300B7BCDB /* TransactionView.swift in Sources */,
				47119A282B35CBC900B94F58 /* Tab.swift in Sources */,
				47119A372B35D06900B94F58 /* Settings.swift in Sources */,
				47119A132B35C7C900B94F58 /* ExpenseTrackerApp.swift in Sources */,
				47119A332B35D05C00B94F58 /* Search.swift in Sources */,
				47119A3B2B35F7AF00B94F58 /* Date+Extensions.swift in Sources */,
				47119A392B35D17C00B94F58 /* View+Extensions.swift in Sources */,
				47119A262B35C8DD00B94F58 /* Constants.swift in Sources */,
				47119A352B35D06200B94F58 /* Graphs.swift in Sources */,
				47119A2A2B35CE4A00B94F58 /* Category.swift in Sources */,
				47119A402B35FF6000B94F58 /* TransactionCardView.swift in Sources */,
			);
			runOnlyForDeploymentPostprocessing = 0;
		};
		47FCF0D92B3A25D700B7BCDB /* Sources */ = {
			isa = PBXSourcesBuildPhase;
			buildActionMask = 2147483647;
			files = (
				47FCF0F62B3A26FF00B7BCDB /* CardView.swift in Sources */,
				47FCF0E72B3A25D700B7BCDB /* StatsCardView.swift in Sources */,
				47FCF0E52B3A25D700B7BCDB /* StatsCardViewBundle.swift in Sources */,
				47FCF0F32B3A26B900B7BCDB /* View+Extensions.swift in Sources */,
				47FCF0F42B3A26D600B7BCDB /* Date+Extensions.swift in Sources */,
				47FCF0F22B3A26AD00B7BCDB /* FilterTransactionView.swift in Sources */,
				47FCF0F52B3A26D900B7BCDB /* Constants.swift in Sources */,
				47FCF0F72B3A271600B7BCDB /* Category.swift in Sources */,
				47FCF0F92B3A277B00B7BCDB /* TintColor.swift in Sources */,
				47FCF0F82B3A274F00B7BCDB /* Transaction.swift in Sources */,
			);
			runOnlyForDeploymentPostprocessing = 0;
		};
/* End PBXSourcesBuildPhase section */

/* Begin PBXTargetDependency section */
		47FCF0EC2B3A25D800B7BCDB /* PBXTargetDependency */ = {
			isa = PBXTargetDependency;
			target = 47FCF0DC2B3A25D700B7BCDB /* StatsCardViewExtension */;
			targetProxy = 47FCF0EB2B3A25D800B7BCDB /* PBXContainerItemProxy */;
		};
/* End PBXTargetDependency section */

/* Begin XCBuildConfiguration section */
		47119A1B2B35C7CA00B94F58 /* Debug */ = {
			isa = XCBuildConfiguration;
			buildSettings = {
				ALWAYS_SEARCH_USER_PATHS = NO;
				ASSETCATALOG_COMPILER_GENERATE_SWIFT_ASSET_SYMBOL_EXTENSIONS = YES;
				CLANG_ANALYZER_NONNULL = YES;
				CLANG_ANALYZER_NUMBER_OBJECT_CONVERSION = YES_AGGRESSIVE;
				CLANG_CXX_LANGUAGE_STANDARD = "gnu++20";
				CLANG_ENABLE_MODULES = YES;
				CLANG_ENABLE_OBJC_ARC = YES;
				CLANG_ENABLE_OBJC_WEAK = YES;
				CLANG_WARN_BLOCK_CAPTURE_AUTORELEASING = YES;
				CLANG_WARN_BOOL_CONVERSION = YES;
				CLANG_WARN_COMMA = YES;
				CLANG_WARN_CONSTANT_CONVERSION = YES;
				CLANG_WARN_DEPRECATED_OBJC_IMPLEMENTATIONS = YES;
				CLANG_WARN_DIRECT_OBJC_ISA_USAGE = YES_ERROR;
				CLANG_WARN_DOCUMENTATION_COMMENTS = YES;
				CLANG_WARN_EMPTY_BODY = YES;
				CLANG_WARN_ENUM_CONVERSION = YES;
				CLANG_WARN_INFINITE_RECURSION = YES;
				CLANG_WARN_INT_CONVERSION = YES;
				CLANG_WARN_NON_LITERAL_NULL_CONVERSION = YES;
				CLANG_WARN_OBJC_IMPLICIT_RETAIN_SELF = YES;
				CLANG_WARN_OBJC_LITERAL_CONVERSION = YES;
				CLANG_WARN_OBJC_ROOT_CLASS = YES_ERROR;
				CLANG_WARN_QUOTED_INCLUDE_IN_FRAMEWORK_HEADER = YES;
				CLANG_WARN_RANGE_LOOP_ANALYSIS = YES;
				CLANG_WARN_STRICT_PROTOTYPES = YES;
				CLANG_WARN_SUSPICIOUS_MOVE = YES;
				CLANG_WARN_UNGUARDED_AVAILABILITY = YES_AGGRESSIVE;
				CLANG_WARN_UNREACHABLE_CODE = YES;
				CLANG_WARN__DUPLICATE_METHOD_MATCH = YES;
				COPY_PHASE_STRIP = NO;
				DEBUG_INFORMATION_FORMAT = dwarf;
				ENABLE_STRICT_OBJC_MSGSEND = YES;
				ENABLE_TESTABILITY = YES;
				ENABLE_USER_SCRIPT_SANDBOXING = YES;
				GCC_C_LANGUAGE_STANDARD = gnu17;
				GCC_DYNAMIC_NO_PIC = NO;
				GCC_NO_COMMON_BLOCKS = YES;
				GCC_OPTIMIZATION_LEVEL = 0;
				GCC_PREPROCESSOR_DEFINITIONS = (
					"DEBUG=1",
					"$(inherited)",
				);
				GCC_WARN_64_TO_32_BIT_CONVERSION = YES;
				GCC_WARN_ABOUT_RETURN_TYPE = YES_ERROR;
				GCC_WARN_UNDECLARED_SELECTOR = YES;
				GCC_WARN_UNINITIALIZED_AUTOS = YES_AGGRESSIVE;
				GCC_WARN_UNUSED_FUNCTION = YES;
				GCC_WARN_UNUSED_VARIABLE = YES;
				IPHONEOS_DEPLOYMENT_TARGET = 17.2;
				LOCALIZATION_PREFERS_STRING_CATALOGS = YES;
				MTL_ENABLE_DEBUG_INFO = INCLUDE_SOURCE;
				MTL_FAST_MATH = YES;
				ONLY_ACTIVE_ARCH = YES;
				SDKROOT = iphoneos;
				SWIFT_ACTIVE_COMPILATION_CONDITIONS = "DEBUG $(inherited)";
				SWIFT_OPTIMIZATION_LEVEL = "-Onone";
			};
			name = Debug;
		};
		47119A1C2B35C7CA00B94F58 /* Release */ = {
			isa = XCBuildConfiguration;
			buildSettings = {
				ALWAYS_SEARCH_USER_PATHS = NO;
				ASSETCATALOG_COMPILER_GENERATE_SWIFT_ASSET_SYMBOL_EXTENSIONS = YES;
				CLANG_ANALYZER_NONNULL = YES;
				CLANG_ANALYZER_NUMBER_OBJECT_CONVERSION = YES_AGGRESSIVE;
				CLANG_CXX_LANGUAGE_STANDARD = "gnu++20";
				CLANG_ENABLE_MODULES = YES;
				CLANG_ENABLE_OBJC_ARC = YES;
				CLANG_ENABLE_OBJC_WEAK = YES;
				CLANG_WARN_BLOCK_CAPTURE_AUTORELEASING = YES;
				CLANG_WARN_BOOL_CONVERSION = YES;
				CLANG_WARN_COMMA = YES;
				CLANG_WARN_CONSTANT_CONVERSION = YES;
				CLANG_WARN_DEPRECATED_OBJC_IMPLEMENTATIONS = YES;
				CLANG_WARN_DIRECT_OBJC_ISA_USAGE = YES_ERROR;
				CLANG_WARN_DOCUMENTATION_COMMENTS = YES;
				CLANG_WARN_EMPTY_BODY = YES;
				CLANG_WARN_ENUM_CONVERSION = YES;
				CLANG_WARN_INFINITE_RECURSION = YES;
				CLANG_WARN_INT_CONVERSION = YES;
				CLANG_WARN_NON_LITERAL_NULL_CONVERSION = YES;
				CLANG_WARN_OBJC_IMPLICIT_RETAIN_SELF = YES;
				CLANG_WARN_OBJC_LITERAL_CONVERSION = YES;
				CLANG_WARN_OBJC_ROOT_CLASS = YES_ERROR;
				CLANG_WARN_QUOTED_INCLUDE_IN_FRAMEWORK_HEADER = YES;
				CLANG_WARN_RANGE_LOOP_ANALYSIS = YES;
				CLANG_WARN_STRICT_PROTOTYPES = YES;
				CLANG_WARN_SUSPICIOUS_MOVE = YES;
				CLANG_WARN_UNGUARDED_AVAILABILITY = YES_AGGRESSIVE;
				CLANG_WARN_UNREACHABLE_CODE = YES;
				CLANG_WARN__DUPLICATE_METHOD_MATCH = YES;
				COPY_PHASE_STRIP = NO;
				DEBUG_INFORMATION_FORMAT = "dwarf-with-dsym";
				ENABLE_NS_ASSERTIONS = NO;
				ENABLE_STRICT_OBJC_MSGSEND = YES;
				ENABLE_USER_SCRIPT_SANDBOXING = YES;
				GCC_C_LANGUAGE_STANDARD = gnu17;
				GCC_NO_COMMON_BLOCKS = YES;
				GCC_WARN_64_TO_32_BIT_CONVERSION = YES;
				GCC_WARN_ABOUT_RETURN_TYPE = YES_ERROR;
				GCC_WARN_UNDECLARED_SELECTOR = YES;
				GCC_WARN_UNINITIALIZED_AUTOS = YES_AGGRESSIVE;
				GCC_WARN_UNUSED_FUNCTION = YES;
				GCC_WARN_UNUSED_VARIABLE = YES;
				IPHONEOS_DEPLOYMENT_TARGET = 17.2;
				LOCALIZATION_PREFERS_STRING_CATALOGS = YES;
				MTL_ENABLE_DEBUG_INFO = NO;
				MTL_FAST_MATH = YES;
				SDKROOT = iphoneos;
				SWIFT_COMPILATION_MODE = wholemodule;
				VALIDATE_PRODUCT = YES;
			};
			name = Release;
		};
		47119A1E2B35C7CA00B94F58 /* Debug */ = {
			isa = XCBuildConfiguration;
			buildSettings = {
				ALWAYS_EMBED_SWIFT_STANDARD_LIBRARIES = YES;
				ASSETCATALOG_COMPILER_APPICON_NAME = AppIcon;
				ASSETCATALOG_COMPILER_GLOBAL_ACCENT_COLOR_NAME = AccentColor;
				CODE_SIGN_ENTITLEMENTS = ExpenseTracker/ExpenseTracker.entitlements;
				CODE_SIGN_STYLE = Automatic;
				CURRENT_PROJECT_VERSION = 1;
				DEVELOPMENT_ASSET_PATHS = "\"ExpenseTracker/Preview Content\"";
				DEVELOPMENT_TEAM = RY9BLJ67LB;
				ENABLE_PREVIEWS = YES;
				GENERATE_INFOPLIST_FILE = YES;
				INFOPLIST_FILE = ExpenseTracker/Info.plist;
				INFOPLIST_KEY_LSApplicationCategoryType = "public.app-category.finance";
				INFOPLIST_KEY_NSFaceIDUsageDescription = DESCRIPTION;
				INFOPLIST_KEY_UIApplicationSceneManifest_Generation = YES;
				INFOPLIST_KEY_UIApplicationSupportsIndirectInputEvents = YES;
				INFOPLIST_KEY_UILaunchScreen_Generation = YES;
				INFOPLIST_KEY_UISupportedInterfaceOrientations_iPad = "UIInterfaceOrientationPortrait UIInterfaceOrientationPortraitUpsideDown UIInterfaceOrientationLandscapeLeft UIInterfaceOrientationLandscapeRight";
				INFOPLIST_KEY_UISupportedInterfaceOrientations_iPhone = "UIInterfaceOrientationPortrait UIInterfaceOrientationLandscapeLeft UIInterfaceOrientationLandscapeRight";
				LD_RUNPATH_SEARCH_PATHS = (
					"$(inherited)",
					"@executable_path/Frameworks",
				);
				MARKETING_VERSION = 1.0;
				PRODUCT_BUNDLE_IDENTIFIER = com.felipearaujo.ExpenseTracker;
				PRODUCT_NAME = "$(TARGET_NAME)";
				SWIFT_EMIT_LOC_STRINGS = YES;
				SWIFT_VERSION = 5.0;
				TARGETED_DEVICE_FAMILY = "1,2";
			};
			name = Debug;
		};
		47119A1F2B35C7CA00B94F58 /* Release */ = {
			isa = XCBuildConfiguration;
			buildSettings = {
				ALWAYS_EMBED_SWIFT_STANDARD_LIBRARIES = YES;
				ASSETCATALOG_COMPILER_APPICON_NAME = AppIcon;
				ASSETCATALOG_COMPILER_GLOBAL_ACCENT_COLOR_NAME = AccentColor;
				CODE_SIGN_ENTITLEMENTS = ExpenseTracker/ExpenseTracker.entitlements;
				CODE_SIGN_STYLE = Automatic;
				CURRENT_PROJECT_VERSION = 1;
				DEVELOPMENT_ASSET_PATHS = "\"ExpenseTracker/Preview Content\"";
				DEVELOPMENT_TEAM = RY9BLJ67LB;
				ENABLE_PREVIEWS = YES;
				GENERATE_INFOPLIST_FILE = YES;
				INFOPLIST_FILE = ExpenseTracker/Info.plist;
				INFOPLIST_KEY_LSApplicationCategoryType = "public.app-category.finance";
				INFOPLIST_KEY_NSFaceIDUsageDescription = DESCRIPTION;
				INFOPLIST_KEY_UIApplicationSceneManifest_Generation = YES;
				INFOPLIST_KEY_UIApplicationSupportsIndirectInputEvents = YES;
				INFOPLIST_KEY_UILaunchScreen_Generation = YES;
				INFOPLIST_KEY_UISupportedInterfaceOrientations_iPad = "UIInterfaceOrientationPortrait UIInterfaceOrientationPortraitUpsideDown UIInterfaceOrientationLandscapeLeft UIInterfaceOrientationLandscapeRight";
				INFOPLIST_KEY_UISupportedInterfaceOrientations_iPhone = "UIInterfaceOrientationPortrait UIInterfaceOrientationLandscapeLeft UIInterfaceOrientationLandscapeRight";
				LD_RUNPATH_SEARCH_PATHS = (
					"$(inherited)",
					"@executable_path/Frameworks",
				);
				MARKETING_VERSION = 1.0;
				PRODUCT_BUNDLE_IDENTIFIER = com.felipearaujo.ExpenseTracker;
				PRODUCT_NAME = "$(TARGET_NAME)";
				SWIFT_EMIT_LOC_STRINGS = YES;
				SWIFT_VERSION = 5.0;
				TARGETED_DEVICE_FAMILY = "1,2";
			};
			name = Release;
		};
		47FCF0EF2B3A25D800B7BCDB /* Debug */ = {
			isa = XCBuildConfiguration;
			buildSettings = {
				ASSETCATALOG_COMPILER_GLOBAL_ACCENT_COLOR_NAME = AccentColor;
				ASSETCATALOG_COMPILER_WIDGET_BACKGROUND_COLOR_NAME = WidgetBackground;
				CODE_SIGN_ENTITLEMENTS = StatsCardViewExtension.entitlements;
				CODE_SIGN_STYLE = Automatic;
				CURRENT_PROJECT_VERSION = 1;
				DEVELOPMENT_TEAM = RY9BLJ67LB;
				GENERATE_INFOPLIST_FILE = YES;
				INFOPLIST_FILE = StatsCardView/Info.plist;
				INFOPLIST_KEY_CFBundleDisplayName = StatsCardView;
				INFOPLIST_KEY_NSHumanReadableCopyright = "";
				LD_RUNPATH_SEARCH_PATHS = (
					"$(inherited)",
					"@executable_path/Frameworks",
					"@executable_path/../../Frameworks",
				);
				MARKETING_VERSION = 1.0;
				PRODUCT_BUNDLE_IDENTIFIER = com.felipearaujo.ExpenseTracker.StatsCardView;
				PRODUCT_NAME = "$(TARGET_NAME)";
				SKIP_INSTALL = YES;
				SWIFT_EMIT_LOC_STRINGS = YES;
				SWIFT_VERSION = 5.0;
				TARGETED_DEVICE_FAMILY = "1,2";
			};
			name = Debug;
		};
		47FCF0F02B3A25D800B7BCDB /* Release */ = {
			isa = XCBuildConfiguration;
			buildSettings = {
				ASSETCATALOG_COMPILER_GLOBAL_ACCENT_COLOR_NAME = AccentColor;
				ASSETCATALOG_COMPILER_WIDGET_BACKGROUND_COLOR_NAME = WidgetBackground;
				CODE_SIGN_ENTITLEMENTS = StatsCardViewExtension.entitlements;
				CODE_SIGN_STYLE = Automatic;
				CURRENT_PROJECT_VERSION = 1;
				DEVELOPMENT_TEAM = RY9BLJ67LB;
				GENERATE_INFOPLIST_FILE = YES;
				INFOPLIST_FILE = StatsCardView/Info.plist;
				INFOPLIST_KEY_CFBundleDisplayName = StatsCardView;
				INFOPLIST_KEY_NSHumanReadableCopyright = "";
				LD_RUNPATH_SEARCH_PATHS = (
					"$(inherited)",
					"@executable_path/Frameworks",
					"@executable_path/../../Frameworks",
				);
				MARKETING_VERSION = 1.0;
				PRODUCT_BUNDLE_IDENTIFIER = com.felipearaujo.ExpenseTracker.StatsCardView;
				PRODUCT_NAME = "$(TARGET_NAME)";
				SKIP_INSTALL = YES;
				SWIFT_EMIT_LOC_STRINGS = YES;
				SWIFT_VERSION = 5.0;
				TARGETED_DEVICE_FAMILY = "1,2";
			};
			name = Release;
		};
/* End XCBuildConfiguration section */

/* Begin XCConfigurationList section */
		47119A0A2B35C7C900B94F58 /* Build configuration list for PBXProject "ExpenseTracker" */ = {
			isa = XCConfigurationList;
			buildConfigurations = (
				47119A1B2B35C7CA00B94F58 /* Debug */,
				47119A1C2B35C7CA00B94F58 /* Release */,
			);
			defaultConfigurationIsVisible = 0;
			defaultConfigurationName = Release;
		};
		47119A1D2B35C7CA00B94F58 /* Build configuration list for PBXNativeTarget "ExpenseTracker" */ = {
			isa = XCConfigurationList;
			buildConfigurations = (
				47119A1E2B35C7CA00B94F58 /* Debug */,
				47119A1F2B35C7CA00B94F58 /* Release */,
			);
			defaultConfigurationIsVisible = 0;
			defaultConfigurationName = Release;
		};
		47FCF0F12B3A25D800B7BCDB /* Build configuration list for PBXNativeTarget "StatsCardViewExtension" */ = {
			isa = XCConfigurationList;
			buildConfigurations = (
				47FCF0EF2B3A25D800B7BCDB /* Debug */,
				47FCF0F02B3A25D800B7BCDB /* Release */,
			);
			defaultConfigurationIsVisible = 0;
			defaultConfigurationName = Release;
		};
/* End XCConfigurationList section */
	};
	rootObject = 47119A072B35C7C900B94F58 /* Project object */;
}
